
Microsoft Visual Studio Solution File, Format Version 12.00
# Visual Studio Version 16
VisualStudioVersion = 16.0.31313.79
MinimumVisualStudioVersion = 10.0.40219.1
Project("{FAE04EC0-301F-11D3-BF4B-00C04F79EFBC}") = "HelloWorld", "HelloWorld\HelloWorld.csproj", "{EB6C100A-90C0-49E0-8F12-A80995E04BA4}"
EndProject
Global
	GlobalSection(SolutionConfigurationPlatforms) = preSolution
		Debug|Any CPU = Debug|Any CPU
		Release|Any CPU = Release|Any CPU
	EndGlobalSection
	GlobalSection(ProjectConfigurationPlatforms) = postSolution
		{EB6C100A-90C0-49E0-8F12-A80995E04BA4}.Debug|Any CPU.ActiveCfg = Debug|Any CPU
		{EB6C100A-90C0-49E0-8F12-A80995E04BA4}.Debug|Any CPU.Build.0 = Debug|Any CPU
		{EB6C100A-90C0-49E0-8F12-A80995E04BA4}.Release|Any CPU.ActiveCfg = Release|Any CPU
		{EB6C100A-90C0-49E0-8F12-A80995E04BA4}.Release|Any CPU.Build.0 = Release|Any CPU
	EndGlobalSection
	GlobalSection(SolutionProperties) = preSolution
		HideSolutionNode = FALSE
	EndGlobalSection
	GlobalSection(ExtensibilityGlobals) = postSolution
		SolutionGuid = {9D2DD39E-4A11-4F2D-AAD4-F1B6FBC85848}
	EndGlobalSection
EndGlobal
